
Microsoft Visual Studio Solution File, Format Version 12.00
# Visual Studio Version 17
VisualStudioVersion = 17.11.35327.3
MinimumVisualStudioVersion = 10.0.40219.1
Project("{FAE04EC0-301F-11D3-BF4B-00C04F79EFBC}") = "Tekne", "Tekne\Tekne.csproj", "{37311CBC-30F8-4A4B-80AF-769B7A43D5F9}"
EndProject
Global
	GlobalSection(SolutionConfigurationPlatforms) = preSolution
		Debug|Any CPU = Debug|Any CPU
		Release|Any CPU = Release|Any CPU
	EndGlobalSection
	GlobalSection(ProjectConfigurationPlatforms) = postSolution
		{37311CBC-30F8-4A4B-80AF-769B7A43D5F9}.Debug|Any CPU.ActiveCfg = Debug|Any CPU
		{37311CBC-30F8-4A4B-80AF-769B7A43D5F9}.Debug|Any CPU.Build.0 = Debug|Any CPU
		{37311CBC-30F8-4A4B-80AF-769B7A43D5F9}.Release|Any CPU.ActiveCfg = Release|Any CPU
		{37311CBC-30F8-4A4B-80AF-769B7A43D5F9}.Release|Any CPU.Build.0 = Release|Any CPU
	EndGlobalSection
	GlobalSection(SolutionProperties) = preSolution
		HideSolutionNode = FALSE
	EndGlobalSection
	GlobalSection(ExtensibilityGlobals) = postSolution
		SolutionGuid = {138F8937-C765-4628-B776-E2F5C637C266}
	EndGlobalSection
EndGlobal
